
Microsoft Visual Studio Solution File, Format Version 12.00
# Visual Studio 14
VisualStudioVersion = 14.0.24720.0
MinimumVisualStudioVersion = 10.0.40219.1
Project("{FAE04EC0-301F-11D3-BF4B-00C04F79EFBC}") = "VSDropAssist", "VSDropAssist\VSDropAssist.csproj", "{C3633A05-E6E8-4417-95D7-8CEB2400170B}"
EndProject
Project("{FAE04EC0-301F-11D3-BF4B-00C04F79EFBC}") = "VSDropAssist.Tests", "VSDropAssist.Tests\VSDropAssist.Tests.csproj", "{3C52BC11-21FD-4FF2-9AC5-1BD271B9410A}"
EndProject
Project("{FAE04EC0-301F-11D3-BF4B-00C04F79EFBC}") = "VSDropAssist.Settings", "VSDropAssist.Settings\VSDropAssist.Settings.csproj", "{15BC08F0-530E-404D-B286-0F127E3CA766}"
EndProject
Project("{FAE04EC0-301F-11D3-BF4B-00C04F79EFBC}") = "VSDropAssist.Settings.TestHost", "VSDropAssist.Settings.TestHost\VSDropAssist.Settings.TestHost.csproj", "{BF75CE3A-F870-4BD7-BF0B-B05954C261E8}"
EndProject
Project("{FAE04EC0-301F-11D3-BF4B-00C04F79EFBC}") = "FireflyCommunity.Core.Logging", "FireflyCommunity.Core.Logging\FireflyCommunity.Core.Logging.csproj", "{22CE5512-28D9-404D-B925-95CC00060674}"
EndProject
Global
	GlobalSection(SolutionConfigurationPlatforms) = preSolution
		Debug|Any CPU = Debug|Any CPU
		Release|Any CPU = Release|Any CPU
	EndGlobalSection
	GlobalSection(ProjectConfigurationPlatforms) = postSolution
		{C3633A05-E6E8-4417-95D7-8CEB2400170B}.Debug|Any CPU.ActiveCfg = Debug|Any CPU
		{C3633A05-E6E8-4417-95D7-8CEB2400170B}.Debug|Any CPU.Build.0 = Debug|Any CPU
		{C3633A05-E6E8-4417-95D7-8CEB2400170B}.Release|Any CPU.ActiveCfg = Release|Any CPU
		{C3633A05-E6E8-4417-95D7-8CEB2400170B}.Release|Any CPU.Build.0 = Release|Any CPU
		{3C52BC11-21FD-4FF2-9AC5-1BD271B9410A}.Debug|Any CPU.ActiveCfg = Debug|Any CPU
		{3C52BC11-21FD-4FF2-9AC5-1BD271B9410A}.Debug|Any CPU.Build.0 = Debug|Any CPU
		{3C52BC11-21FD-4FF2-9AC5-1BD271B9410A}.Release|Any CPU.ActiveCfg = Release|Any CPU
		{3C52BC11-21FD-4FF2-9AC5-1BD271B9410A}.Release|Any CPU.Build.0 = Release|Any CPU
		{15BC08F0-530E-404D-B286-0F127E3CA766}.Debug|Any CPU.ActiveCfg = Debug|Any CPU
		{15BC08F0-530E-404D-B286-0F127E3CA766}.Debug|Any CPU.Build.0 = Debug|Any CPU
		{15BC08F0-530E-404D-B286-0F127E3CA766}.Release|Any CPU.ActiveCfg = Release|Any CPU
		{15BC08F0-530E-404D-B286-0F127E3CA766}.Release|Any CPU.Build.0 = Release|Any CPU
		{BF75CE3A-F870-4BD7-BF0B-B05954C261E8}.Debug|Any CPU.ActiveCfg = Debug|Any CPU
		{BF75CE3A-F870-4BD7-BF0B-B05954C261E8}.Debug|Any CPU.Build.0 = Debug|Any CPU
		{BF75CE3A-F870-4BD7-BF0B-B05954C261E8}.Release|Any CPU.ActiveCfg = Release|Any CPU
		{BF75CE3A-F870-4BD7-BF0B-B05954C261E8}.Release|Any CPU.Build.0 = Release|Any CPU
		{22CE5512-28D9-404D-B925-95CC00060674}.Debug|Any CPU.ActiveCfg = Debug|Any CPU
		{22CE5512-28D9-404D-B925-95CC00060674}.Debug|Any CPU.Build.0 = Debug|Any CPU
		{22CE5512-28D9-404D-B925-95CC00060674}.Release|Any CPU.ActiveCfg = Release|Any CPU
		{22CE5512-28D9-404D-B925-95CC00060674}.Release|Any CPU.Build.0 = Release|Any CPU
	EndGlobalSection
	GlobalSection(SolutionProperties) = preSolution
		HideSolutionNode = FALSE
	EndGlobalSection
EndGlobal
